
Microsoft Visual Studio Solution File, Format Version 12.00
# Visual Studio Version 16
VisualStudioVersion = 16.0.30114.105
MinimumVisualStudioVersion = 10.0.40219.1
Project("{FAE04EC0-301F-11D3-BF4B-00C04F79EFBC}") = "Visitor", "Visitor\Visitor.csproj", "{A423FC42-7D04-441A-AEE5-1239F7AA1BA3}"
EndProject
Project("{FAE04EC0-301F-11D3-BF4B-00C04F79EFBC}") = "Template", "Template\Template.csproj", "{E65C31F9-9A63-4602-B5B9-F37E0BB5416D}"
EndProject
Project("{FAE04EC0-301F-11D3-BF4B-00C04F79EFBC}") = "ChainOfResponsibility", "ChainOfResponsibility\ChainOfResponsibility.csproj", "{2A6BD1C6-EFD9-4BC4-B230-924DB0D6C447}"
EndProject
Project("{FAE04EC0-301F-11D3-BF4B-00C04F79EFBC}") = "Command", "Command\Command.csproj", "{FB0E31D0-E61C-4ECB-A7A3-1E213C2ED1FD}"
EndProject
Global
	GlobalSection(SolutionConfigurationPlatforms) = preSolution
		Debug|Any CPU = Debug|Any CPU
		Release|Any CPU = Release|Any CPU
	EndGlobalSection
	GlobalSection(SolutionProperties) = preSolution
		HideSolutionNode = FALSE
	EndGlobalSection
	GlobalSection(ProjectConfigurationPlatforms) = postSolution
		{A423FC42-7D04-441A-AEE5-1239F7AA1BA3}.Debug|Any CPU.ActiveCfg = Debug|Any CPU
		{A423FC42-7D04-441A-AEE5-1239F7AA1BA3}.Debug|Any CPU.Build.0 = Debug|Any CPU
		{A423FC42-7D04-441A-AEE5-1239F7AA1BA3}.Release|Any CPU.ActiveCfg = Release|Any CPU
		{A423FC42-7D04-441A-AEE5-1239F7AA1BA3}.Release|Any CPU.Build.0 = Release|Any CPU
		{E65C31F9-9A63-4602-B5B9-F37E0BB5416D}.Debug|Any CPU.ActiveCfg = Debug|Any CPU
		{E65C31F9-9A63-4602-B5B9-F37E0BB5416D}.Debug|Any CPU.Build.0 = Debug|Any CPU
		{E65C31F9-9A63-4602-B5B9-F37E0BB5416D}.Release|Any CPU.ActiveCfg = Release|Any CPU
		{E65C31F9-9A63-4602-B5B9-F37E0BB5416D}.Release|Any CPU.Build.0 = Release|Any CPU
		{2A6BD1C6-EFD9-4BC4-B230-924DB0D6C447}.Debug|Any CPU.ActiveCfg = Debug|Any CPU
		{2A6BD1C6-EFD9-4BC4-B230-924DB0D6C447}.Debug|Any CPU.Build.0 = Debug|Any CPU
		{2A6BD1C6-EFD9-4BC4-B230-924DB0D6C447}.Release|Any CPU.ActiveCfg = Release|Any CPU
		{2A6BD1C6-EFD9-4BC4-B230-924DB0D6C447}.Release|Any CPU.Build.0 = Release|Any CPU
		{FB0E31D0-E61C-4ECB-A7A3-1E213C2ED1FD}.Debug|Any CPU.ActiveCfg = Debug|Any CPU
		{FB0E31D0-E61C-4ECB-A7A3-1E213C2ED1FD}.Debug|Any CPU.Build.0 = Debug|Any CPU
		{FB0E31D0-E61C-4ECB-A7A3-1E213C2ED1FD}.Release|Any CPU.ActiveCfg = Release|Any CPU
		{FB0E31D0-E61C-4ECB-A7A3-1E213C2ED1FD}.Release|Any CPU.Build.0 = Release|Any CPU
	EndGlobalSection
EndGlobal
